
Microsoft Visual Studio Solution File, Format Version 12.00
# Visual Studio Version 17
VisualStudioVersion = 17.14.36518.9
MinimumVisualStudioVersion = 10.0.40219.1
Project("{8BC9CEB8-8B4A-11D0-8D11-00A0C91BC942}") = "Common", "Common\Common.vcxproj", "{DA364B01-FC62-4634-A9D9-A73A43755C70}"
EndProject
Project("{8BC9CEB8-8B4A-11D0-8D11-00A0C91BC942}") = "DicomTransServer", "DicomTransServer\DicomTransServer.vcxproj", "{1619C89D-F849-4261-ACA9-5DF48CA08439}"
EndProject
Project("{8BC9CEB8-8B4A-11D0-8D11-00A0C91BC942}") = "DicomTransClient", "DicomTransClient\DicomTransClient.vcxproj", "{0E3BCCA0-ADF7-456D-AEDE-82E1A2A4FA30}"
EndProject
Global
	GlobalSection(SolutionConfigurationPlatforms) = preSolution
		Debug|x64 = Debug|x64
		Debug|x86 = Debug|x86
		Release|x64 = Release|x64
		Release|x86 = Release|x86
	EndGlobalSection
	GlobalSection(ProjectConfigurationPlatforms) = postSolution
		{DA364B01-FC62-4634-A9D9-A73A43755C70}.Debug|x64.ActiveCfg = Debug|x64
		{DA364B01-FC62-4634-A9D9-A73A43755C70}.Debug|x64.Build.0 = Debug|x64
		{DA364B01-FC62-4634-A9D9-A73A43755C70}.Debug|x86.ActiveCfg = Debug|Win32
		{DA364B01-FC62-4634-A9D9-A73A43755C70}.Debug|x86.Build.0 = Debug|Win32
		{DA364B01-FC62-4634-A9D9-A73A43755C70}.Release|x64.ActiveCfg = Release|x64
		{DA364B01-FC62-4634-A9D9-A73A43755C70}.Release|x64.Build.0 = Release|x64
		{DA364B01-FC62-4634-A9D9-A73A43755C70}.Release|x86.ActiveCfg = Release|Win32
		{DA364B01-FC62-4634-A9D9-A73A43755C70}.Release|x86.Build.0 = Release|Win32
		{1619C89D-F849-4261-ACA9-5DF48CA08439}.Debug|x64.ActiveCfg = Debug|x64
		{1619C89D-F849-4261-ACA9-5DF48CA08439}.Debug|x64.Build.0 = Debug|x64
		{1619C89D-F849-4261-ACA9-5DF48CA08439}.Debug|x86.ActiveCfg = Debug|Win32
		{1619C89D-F849-4261-ACA9-5DF48CA08439}.Debug|x86.Build.0 = Debug|Win32
		{1619C89D-F849-4261-ACA9-5DF48CA08439}.Release|x64.ActiveCfg = Release|x64
		{1619C89D-F849-4261-ACA9-5DF48CA08439}.Release|x64.Build.0 = Release|x64
		{1619C89D-F849-4261-ACA9-5DF48CA08439}.Release|x86.ActiveCfg = Release|Win32
		{1619C89D-F849-4261-ACA9-5DF48CA08439}.Release|x86.Build.0 = Release|Win32
		{0E3BCCA0-ADF7-456D-AEDE-82E1A2A4FA30}.Debug|x64.ActiveCfg = Debug|x64
		{0E3BCCA0-ADF7-456D-AEDE-82E1A2A4FA30}.Debug|x64.Build.0 = Debug|x64
		{0E3BCCA0-ADF7-456D-AEDE-82E1A2A4FA30}.Debug|x86.ActiveCfg = Debug|Win32
		{0E3BCCA0-ADF7-456D-AEDE-82E1A2A4FA30}.Debug|x86.Build.0 = Debug|Win32
		{0E3BCCA0-ADF7-456D-AEDE-82E1A2A4FA30}.Release|x64.ActiveCfg = Release|x64
		{0E3BCCA0-ADF7-456D-AEDE-82E1A2A4FA30}.Release|x64.Build.0 = Release|x64
		{0E3BCCA0-ADF7-456D-AEDE-82E1A2A4FA30}.Release|x86.ActiveCfg = Release|Win32
		{0E3BCCA0-ADF7-456D-AEDE-82E1A2A4FA30}.Release|x86.Build.0 = Release|Win32
	EndGlobalSection
	GlobalSection(SolutionProperties) = preSolution
		HideSolutionNode = FALSE
	EndGlobalSection
	GlobalSection(ExtensibilityGlobals) = postSolution
		SolutionGuid = {FA8B2B8E-F3FF-4C24-81A5-308D62A77671}
	EndGlobalSection
EndGlobal
